
Microsoft Visual Studio Solution File, Format Version 12.00
# Visual Studio Version 16
VisualStudioVersion = 16.0.29709.97
MinimumVisualStudioVersion = 10.0.40219.1
Project("{FAE04EC0-301F-11D3-BF4B-00C04F79EFBC}") = "CoffeeShop", "CoffeeShop\CoffeeShop.csproj", "{BB54E672-28DA-4812-A7FE-D28524B110BB}"
EndProject
Global
	GlobalSection(SolutionConfigurationPlatforms) = preSolution
		Debug|Any CPU = Debug|Any CPU
		Release|Any CPU = Release|Any CPU
	EndGlobalSection
	GlobalSection(ProjectConfigurationPlatforms) = postSolution
		{BB54E672-28DA-4812-A7FE-D28524B110BB}.Debug|Any CPU.ActiveCfg = Debug|Any CPU
		{BB54E672-28DA-4812-A7FE-D28524B110BB}.Debug|Any CPU.Build.0 = Debug|Any CPU
		{BB54E672-28DA-4812-A7FE-D28524B110BB}.Release|Any CPU.ActiveCfg = Release|Any CPU
		{BB54E672-28DA-4812-A7FE-D28524B110BB}.Release|Any CPU.Build.0 = Release|Any CPU
	EndGlobalSection
	GlobalSection(SolutionProperties) = preSolution
		HideSolutionNode = FALSE
	EndGlobalSection
	GlobalSection(ExtensibilityGlobals) = postSolution
		SolutionGuid = {FB980324-2881-4088-B2AC-3CE858DA4198}
	EndGlobalSection
EndGlobal
